# This file is autogenerated, do not edit; changes may be undone by the next 'dep ensure'.


[[projects]]
  name = "github.com/go-chi/chi"
  packages = ["."]
  revision = "2db61557f36b2f4caa20ce6ef50e98bac0f7fce5"
  version = "v4.0.3"

[[projects]]
  name = "github.com/rs/zerolog"
  packages = [".","internal/cbor","internal/json"]
  revision = "f7c93dce1c970bb6e76646ef657fd55b066d0b45"
  version = "v1.18.0"

[solve-meta]
  analyzer-name = "dep"
  analyzer-version = 1
  inputs-digest = "5d617dba8697f42b1237577a6c85772c9d5516ceaa8891528c7b90ead9883856"
  solver-name = "gps-cdcl"
  solver-version = 1
